{
  "version": 4,
  "terraform_version": "1.0.11",
  "serial": 38,
  "lineage": "9f64af65-c415-af74-66a6-47dac6d531f6",
  "outputs": {},
  "resources": [
    {
      "mode": "managed",
      "type": "aws_codepipeline",
      "name": "pipeline",
      "provider": "provider[\"registry.terraform.io/hashicorp/aws\"]",
      "instances": [
        {
          "schema_version": 0,
          "attributes": {
            "arn": "arn:aws:codepipeline:us-west-2:956031636071:portfolio-codepipeline",
            "artifact_store": [
              {
                "encryption_key": [],
                "location": "glab-portfolio-artifact-store",
                "region": "",
                "type": "S3"
              }
            ],
            "id": "portfolio-codepipeline",
            "name": "portfolio-codepipeline",
            "role_arn": "arn:aws:iam::956031636071:role/codepipeline",
            "stage": [
              {
                "action": [
                  {
                    "category": "Source",
                    "configuration": {
                      "BranchName": "master",
                      "ConnectionArn": "arn:aws:codestar-connections:us-west-2:956031636071:connection/ddbd433c-531c-4e83-8096-40445a9eade2",
                      "FullRepositoryId": "jmgilman/portfolio",
                      "OutputArtifactFormat": "CODEBUILD_CLONE_REF"
                    },
                    "input_artifacts": [],
                    "name": "Source",
                    "namespace": "",
                    "output_artifacts": [
                      "source_output"
                    ],
                    "owner": "AWS",
                    "provider": "CodeStarSourceConnection",
                    "region": "",
                    "role_arn": "",
                    "run_order": 1,
                    "version": "1"
                  }
                ],
                "name": "Source"
              },
              {
                "action": [
                  {
                    "category": "Build",
                    "configuration": {
                      "ProjectName": "portfolio"
                    },
                    "input_artifacts": [
                      "source_output"
                    ],
                    "name": "Build",
                    "namespace": "",
                    "output_artifacts": [],
                    "owner": "AWS",
                    "provider": "CodeBuild",
                    "region": "",
                    "role_arn": "",
                    "run_order": 1,
                    "version": "1"
                  }
                ],
                "name": "Build"
              }
            ],
            "tags": {},
            "tags_all": {}
          },
          "sensitive_attributes": [],
          "private": "bnVsbA==",
          "dependencies": [
            "aws_iam_role.codepipeline",
            "aws_s3_bucket.codepipeline",
            "aws_codestarconnections_connection.github",
            "aws_iam_policy.codepipeline-policy"
          ]
        }
      ]
    },
    {
      "mode": "managed",
      "type": "aws_codestarconnections_connection",
      "name": "github",
      "provider": "provider[\"registry.terraform.io/hashicorp/aws\"]",
      "instances": [
        {
          "schema_version": 0,
          "attributes": {
            "arn": "arn:aws:codestar-connections:us-west-2:956031636071:connection/ddbd433c-531c-4e83-8096-40445a9eade2",
            "connection_status": "AVAILABLE",
            "host_arn": "",
            "id": "arn:aws:codestar-connections:us-west-2:956031636071:connection/ddbd433c-531c-4e83-8096-40445a9eade2",
            "name": "github",
            "provider_type": "GitHub",
            "tags": {},
            "tags_all": {}
          },
          "sensitive_attributes": [],
          "private": "bnVsbA=="
        }
      ]
    },
    {
      "mode": "managed",
      "type": "aws_iam_policy",
      "name": "codepipeline-policy",
      "provider": "provider[\"registry.terraform.io/hashicorp/aws\"]",
      "instances": [
        {
          "schema_version": 0,
          "attributes": {
            "arn": "arn:aws:iam::956031636071:policy/PortfolioCodepipelinePolicy",
            "description": "Policy for controlling codepipeline permissions",
            "id": "arn:aws:iam::956031636071:policy/PortfolioCodepipelinePolicy",
            "name": "PortfolioCodepipelinePolicy",
            "name_prefix": null,
            "path": "/",
            "policy": "{\"Statement\":[{\"Action\":[\"s3:*\"],\"Effect\":\"Allow\",\"Resource\":\"arn:aws:s3:::glab-portfolio-artifact-store\"},{\"Action\":\"codestar-connections:UseConnection\",\"Effect\":\"Allow\",\"Resource\":\"arn:aws:codestar-connections:us-west-2:956031636071:connection/ddbd433c-531c-4e83-8096-40445a9eade2\"},{\"Action\":[\"codebuild:BatchGetBuilds\",\"codebuild:StartBuild\"],\"Effect\":\"Allow\",\"Resource\":\"*\"}],\"Version\":\"2012-10-17\"}",
            "policy_id": "ANPA55F7NCJT7IJJ75GWP",
            "tags": {},
            "tags_all": {}
          },
          "sensitive_attributes": [],
          "private": "bnVsbA==",
          "dependencies": [
            "aws_codestarconnections_connection.github",
            "aws_s3_bucket.codepipeline"
          ]
        }
      ]
    },
    {
      "mode": "managed",
      "type": "aws_iam_role",
      "name": "codepipeline",
      "provider": "provider[\"registry.terraform.io/hashicorp/aws\"]",
      "instances": [
        {
          "schema_version": 0,
          "attributes": {
            "arn": "arn:aws:iam::956031636071:role/codepipeline",
            "assume_role_policy": "{\"Version\":\"2012-10-17\",\"Statement\":[{\"Sid\":\"\",\"Effect\":\"Allow\",\"Principal\":{\"Service\":\"codepipeline.amazonaws.com\"},\"Action\":\"sts:AssumeRole\"}]}",
            "create_date": "2022-07-11T18:34:41Z",
            "description": "",
            "force_detach_policies": false,
            "id": "codepipeline",
            "inline_policy": [
              {
                "name": "",
                "policy": ""
              }
            ],
            "managed_policy_arns": [
              "arn:aws:iam::956031636071:policy/PortfolioCodepipelinePolicy"
            ],
            "max_session_duration": 3600,
            "name": "codepipeline",
            "name_prefix": "",
            "path": "/",
            "permissions_boundary": null,
            "tags": {},
            "tags_all": {},
            "unique_id": "AROA55F7NCJTXYYKN6ROA"
          },
          "sensitive_attributes": [],
          "private": "bnVsbA==",
          "dependencies": [
            "aws_codestarconnections_connection.github",
            "aws_iam_policy.codepipeline-policy",
            "aws_s3_bucket.codepipeline"
          ]
        }
      ]
    },
    {
      "mode": "managed",
      "type": "aws_s3_bucket",
      "name": "codepipeline",
      "provider": "provider[\"registry.terraform.io/hashicorp/aws\"]",
      "instances": [
        {
          "schema_version": 0,
          "attributes": {
            "acceleration_status": "",
            "acl": null,
            "arn": "arn:aws:s3:::glab-portfolio-artifact-store",
            "bucket": "glab-portfolio-artifact-store",
            "bucket_domain_name": "glab-portfolio-artifact-store.s3.amazonaws.com",
            "bucket_prefix": null,
            "bucket_regional_domain_name": "glab-portfolio-artifact-store.s3.us-west-2.amazonaws.com",
            "cors_rule": [],
            "force_destroy": false,
            "grant": [
              {
                "id": "dfa770b09d44e403a1faa171c2dd44f3e930119832d4e96f69afd247ff5afd7d",
                "permissions": [
                  "FULL_CONTROL"
                ],
                "type": "CanonicalUser",
                "uri": ""
              }
            ],
            "hosted_zone_id": "Z3BJ6K6RIION7M",
            "id": "glab-portfolio-artifact-store",
            "lifecycle_rule": [],
            "logging": [],
            "object_lock_configuration": [],
            "object_lock_enabled": false,
            "policy": "",
            "region": "us-west-2",
            "replication_configuration": [],
            "request_payer": "BucketOwner",
            "server_side_encryption_configuration": [],
            "tags": {},
            "tags_all": {},
            "versioning": [
              {
                "enabled": true,
                "mfa_delete": false
              }
            ],
            "website": [],
            "website_domain": null,
            "website_endpoint": null
          },
          "sensitive_attributes": [],
          "private": "bnVsbA=="
        }
      ]
    },
    {
      "mode": "managed",
      "type": "aws_s3_bucket_acl",
      "name": "codepipeline-acl",
      "provider": "provider[\"registry.terraform.io/hashicorp/aws\"]",
      "instances": [
        {
          "schema_version": 0,
          "attributes": {
            "access_control_policy": [
              {
                "grant": [
                  {
                    "grantee": [
                      {
                        "display_name": "joshuagilman",
                        "email_address": "",
                        "id": "dfa770b09d44e403a1faa171c2dd44f3e930119832d4e96f69afd247ff5afd7d",
                        "type": "CanonicalUser",
                        "uri": ""
                      }
                    ],
                    "permission": "FULL_CONTROL"
                  }
                ],
                "owner": [
                  {
                    "display_name": "joshuagilman",
                    "id": "dfa770b09d44e403a1faa171c2dd44f3e930119832d4e96f69afd247ff5afd7d"
                  }
                ]
              }
            ],
            "acl": "private",
            "bucket": "glab-portfolio-artifact-store",
            "expected_bucket_owner": "",
            "id": "glab-portfolio-artifact-store,private"
          },
          "sensitive_attributes": [],
          "private": "bnVsbA==",
          "dependencies": [
            "aws_s3_bucket.codepipeline"
          ]
        }
      ]
    },
    {
      "mode": "managed",
      "type": "aws_s3_bucket_versioning",
      "name": "codepipeline-versioning",
      "provider": "provider[\"registry.terraform.io/hashicorp/aws\"]",
      "instances": [
        {
          "schema_version": 0,
          "attributes": {
            "bucket": "glab-portfolio-artifact-store",
            "expected_bucket_owner": "",
            "id": "glab-portfolio-artifact-store",
            "mfa": null,
            "versioning_configuration": [
              {
                "mfa_delete": "",
                "status": "Enabled"
              }
            ]
          },
          "sensitive_attributes": [],
          "private": "bnVsbA==",
          "dependencies": [
            "aws_s3_bucket.codepipeline"
          ]
        }
      ]
    }
  ]
}
